
Microsoft Visual Studio Solution File, Format Version 12.00
# Visual Studio Version 16
VisualStudioVersion = 16.0.28922.388
MinimumVisualStudioVersion = 10.0.40219.1
Project("{FAE04EC0-301F-11D3-BF4B-00C04F79EFBC}") = "Lab_financial_calculator", "Lab_financial_calculator.csproj", "{78A94041-704F-4DC1-A592-CA51AF562FD0}"
EndProject
Global
	GlobalSection(SolutionConfigurationPlatforms) = preSolution
		Debug|Any CPU = Debug|Any CPU
		Release|Any CPU = Release|Any CPU
	EndGlobalSection
	GlobalSection(ProjectConfigurationPlatforms) = postSolution
		{78A94041-704F-4DC1-A592-CA51AF562FD0}.Debug|Any CPU.ActiveCfg = Debug|Any CPU
		{78A94041-704F-4DC1-A592-CA51AF562FD0}.Debug|Any CPU.Build.0 = Debug|Any CPU
		{78A94041-704F-4DC1-A592-CA51AF562FD0}.Release|Any CPU.ActiveCfg = Release|Any CPU
		{78A94041-704F-4DC1-A592-CA51AF562FD0}.Release|Any CPU.Build.0 = Release|Any CPU
	EndGlobalSection
	GlobalSection(SolutionProperties) = preSolution
		HideSolutionNode = FALSE
	EndGlobalSection
	GlobalSection(ExtensibilityGlobals) = postSolution
		SolutionGuid = {3778E3C5-DE07-4B8C-A224-1FF39586125C}
	EndGlobalSection
EndGlobal
